
Microsoft Visual Studio Solution File, Format Version 12.00
# Visual Studio Version 17
VisualStudioVersion = 17.14.37216.2 d17.14
MinimumVisualStudioVersion = 10.0.40219.1
Project("{FAE04EC0-301F-11D3-BF4B-00C04F79EFBC}") = "Delivery", "Delivery\Delivery.csproj", "{FB66B1EE-AAE4-47E3-B197-EBDF25F565DE}"
EndProject
Global
	GlobalSection(SolutionConfigurationPlatforms) = preSolution
		Debug|Any CPU = Debug|Any CPU
		Release|Any CPU = Release|Any CPU
	EndGlobalSection
	GlobalSection(ProjectConfigurationPlatforms) = postSolution
		{FB66B1EE-AAE4-47E3-B197-EBDF25F565DE}.Debug|Any CPU.ActiveCfg = Debug|Any CPU
		{FB66B1EE-AAE4-47E3-B197-EBDF25F565DE}.Debug|Any CPU.Build.0 = Debug|Any CPU
		{FB66B1EE-AAE4-47E3-B197-EBDF25F565DE}.Release|Any CPU.ActiveCfg = Release|Any CPU
		{FB66B1EE-AAE4-47E3-B197-EBDF25F565DE}.Release|Any CPU.Build.0 = Release|Any CPU
	EndGlobalSection
	GlobalSection(SolutionProperties) = preSolution
		HideSolutionNode = FALSE
	EndGlobalSection
	GlobalSection(ExtensibilityGlobals) = postSolution
		SolutionGuid = {0E95592F-27FC-4624-AE89-DA9F8C1B848C}
	EndGlobalSection
EndGlobal
